{
  "name": "node-skia",
  "version": "1.0.0",
  "lockfileVersion": 1,
  "requires": true,
  "dependencies": {
    "node-addon-api": {
      "version": "4.0.0",
      "resolved": "https://registry.nlark.com/node-addon-api/download/node-addon-api-4.0.0.tgz",
      "integrity": "sha1-rBKPQ+/3+sS19e8vOdbXwnCe/q0="
    }
  }
}
