{
  "name": "node-skia",
  "version": "1.0.0",
  "lockfileVersion": 1,
  "requires": true,
  "dependencies": {
    "node-addon-api": {
      "version": "3.1.0",
      "resolved": "https://registry.npm.taobao.org/node-addon-api/download/node-addon-api-3.1.0.tgz?cache=0&sync_timestamp=1608169218265&other_urls=https%3A%2F%2Fregistry.npm.taobao.org%2Fnode-addon-api%2Fdownload%2Fnode-addon-api-3.1.0.tgz",
      "integrity": "sha1-mLIZMVV0ZsZynlHLd805yWX0Ijk="
    }
  }
}
